
Microsoft Visual Studio Solution File, Format Version 12.00
# Visual Studio Version 16
VisualStudioVersion = 16.0.30204.135
MinimumVisualStudioVersion = 10.0.40219.1
Project("{9A19103F-16F7-4668-BE54-9A1E7A4F7556}") = "AeronauticsX.Web", "AeronauticsX.Web\AeronauticsX.Web.csproj", "{CDC64829-29F5-4F2F-9A01-5FE6BF687303}"
EndProject
Global
	GlobalSection(SolutionConfigurationPlatforms) = preSolution
		Debug|Any CPU = Debug|Any CPU
		Release|Any CPU = Release|Any CPU
	EndGlobalSection
	GlobalSection(ProjectConfigurationPlatforms) = postSolution
		{CDC64829-29F5-4F2F-9A01-5FE6BF687303}.Debug|Any CPU.ActiveCfg = Debug|Any CPU
		{CDC64829-29F5-4F2F-9A01-5FE6BF687303}.Debug|Any CPU.Build.0 = Debug|Any CPU
		{CDC64829-29F5-4F2F-9A01-5FE6BF687303}.Release|Any CPU.ActiveCfg = Release|Any CPU
		{CDC64829-29F5-4F2F-9A01-5FE6BF687303}.Release|Any CPU.Build.0 = Release|Any CPU
	EndGlobalSection
	GlobalSection(SolutionProperties) = preSolution
		HideSolutionNode = FALSE
	EndGlobalSection
	GlobalSection(ExtensibilityGlobals) = postSolution
		SolutionGuid = {E9B3BB32-6FD6-4084-8BED-6B1AF6036A0E}
	EndGlobalSection
EndGlobal
